
Microsoft Visual Studio Solution File, Format Version 12.00
# Visual Studio Version 17
VisualStudioVersion = 17.11.35303.130
MinimumVisualStudioVersion = 10.0.40219.1
Project("{FAE04EC0-301F-11D3-BF4B-00C04F79EFBC}") = "Pagamentos", "Pagamentos\Pagamentos.csproj", "{AABE140F-5FAB-4DC7-943E-A35801C1208E}"
EndProject
Global
	GlobalSection(SolutionConfigurationPlatforms) = preSolution
		Debug|Any CPU = Debug|Any CPU
		Release|Any CPU = Release|Any CPU
	EndGlobalSection
	GlobalSection(ProjectConfigurationPlatforms) = postSolution
		{AABE140F-5FAB-4DC7-943E-A35801C1208E}.Debug|Any CPU.ActiveCfg = Debug|Any CPU
		{AABE140F-5FAB-4DC7-943E-A35801C1208E}.Debug|Any CPU.Build.0 = Debug|Any CPU
		{AABE140F-5FAB-4DC7-943E-A35801C1208E}.Debug|Any CPU.Deploy.0 = Debug|Any CPU
		{AABE140F-5FAB-4DC7-943E-A35801C1208E}.Release|Any CPU.ActiveCfg = Release|Any CPU
		{AABE140F-5FAB-4DC7-943E-A35801C1208E}.Release|Any CPU.Build.0 = Release|Any CPU
		{AABE140F-5FAB-4DC7-943E-A35801C1208E}.Release|Any CPU.Deploy.0 = Release|Any CPU
	EndGlobalSection
	GlobalSection(SolutionProperties) = preSolution
		HideSolutionNode = FALSE
	EndGlobalSection
	GlobalSection(ExtensibilityGlobals) = postSolution
		SolutionGuid = {AB402B3B-FCF3-484E-9D0B-FFAD4C702BB9}
	EndGlobalSection
EndGlobal
